// !$*UTF8*$!
{
	archiveVersion = 1;
	classes = {
	};
	objectVersion = 46;
	objects = {

/* Begin PBXBuildFile section */
		CF9B650C1E45AC87005E16A2 /* main.m in Sources */ = {isa = PBXBuildFile; fileRef = CF9B650B1E45AC87005E16A2 /* main.m */; };
		CF9B650F1E45AC87005E16A2 /* AppDelegate.m in Sources */ = {isa = PBXBuildFile; fileRef = CF9B650E1E45AC87005E16A2 /* AppDelegate.m */; };
		CF9B65121E45AC87005E16A2 /* ViewController.m in Sources */ = {isa = PBXBuildFile; fileRef = CF9B65111E45AC87005E16A2 /* ViewController.m */; };
		CF9B65151E45AC87005E16A2 /* Main.storyboard in Resources */ = {isa = PBXBuildFile; fileRef = CF9B65131E45AC87005E16A2 /* Main.storyboard */; };
		CF9B65171E45AC87005E16A2 /* Assets.xcassets in Resources */ = {isa = PBXBuildFile; fileRef = CF9B65161E45AC87005E16A2 /* Assets.xcassets */; };
		CF9B651A1E45AC87005E16A2 /* LaunchScreen.storyboard in Resources */ = {isa = PBXBuildFile; fileRef = CF9B65181E45AC87005E16A2 /* LaunchScreen.storyboard */; };
		CF9B65251E45AC87005E16A2 /* PaxUnitiaTests.m in Sources */ = {isa = PBXBuildFile; fileRef = CF9B65241E45AC87005E16A2 /* PaxUnitiaTests.m */; };
		CF9B65301E45AC87005E16A2 /* PaxUnitiaUITests.m in Sources */ = {isa = PBXBuildFile; fileRef = CF9B652F1E45AC87005E16A2 /* PaxUnitiaUITests.m */; };
/* End PBXBuildFile section */

/* Begin PBXContainerItemProxy section */
		CF9B65211E45AC87005E16A2 /* PBXContainerItemProxy */ = {
			isa = PBXContainerItemProxy;
			containerPortal = CF9B64FF1E45AC87005E16A2 /* Project object */;
			proxyType = 1;
			remoteGlobalIDString = CF9B65061E45AC87005E16A2;
			remoteInfo = PaxUnitia;
		};
		CF9B652C1E45AC87005E16A2 /* PBXContainerItemProxy */ = {
			isa = PBXContainerItemProxy;
			containerPortal = CF9B64FF1E45AC87005E16A2 /* Project object */;
			proxyType = 1;
			remoteGlobalIDString = CF9B65061E45AC87005E16A2;
			remoteInfo = PaxUnitia;
		};
/* End PBXContainerItemProxy section */

/* Begin PBXFileReference section */
		CF9B65071E45AC87005E16A2 /* PaxUnitia.app */ = {isa = PBXFileReference; explicitFileType = wrapper.application; includeInIndex = 0; path = PaxUnitia.app; sourceTree = BUILT_PRODUCTS_DIR; };
		CF9B650B1E45AC87005E16A2 /* main.m */ = {isa = PBXFileReference; lastKnownFileType = sourcecode.c.objc; path = main.m; sourceTree = "<group>"; };
		CF9B650D1E45AC87005E16A2 /* AppDelegate.h */ = {isa = PBXFileReference; lastKnownFileType = sourcecode.c.h; path = AppDelegate.h; sourceTree = "<group>"; };
		CF9B650E1E45AC87005E16A2 /* AppDelegate.m */ = {isa = PBXFileReference; lastKnownFileType = sourcecode.c.objc; path = AppDelegate.m; sourceTree = "<group>"; };
		CF9B65101E45AC87005E16A2 /* ViewController.h */ = {isa = PBXFileReference; lastKnownFileType = sourcecode.c.h; path = ViewController.h; sourceTree = "<group>"; };
		CF9B65111E45AC87005E16A2 /* ViewController.m */ = {isa = PBXFileReference; lastKnownFileType = sourcecode.c.objc; path = ViewController.m; sourceTree = "<group>"; };
		CF9B65141E45AC87005E16A2 /* Base */ = {isa = PBXFileReference; lastKnownFileType = file.storyboard; name = Base; path = Base.lproj/Main.storyboard; sourceTree = "<group>"; };
		CF9B65161E45AC87005E16A2 /* Assets.xcassets */ = {isa = PBXFileReference; lastKnownFileType = folder.assetcatalog; path = Assets.xcassets; sourceTree = "<group>"; };
		CF9B65191E45AC87005E16A2 /* Base */ = {isa = PBXFileReference; lastKnownFileType = file.storyboard; name = Base; path = Base.lproj/LaunchScreen.storyboard; sourceTree = "<group>"; };
		CF9B651B1E45AC87005E16A2 /* Info.plist */ = {isa = PBXFileReference; lastKnownFileType = text.plist.xml; path = Info.plist; sourceTree = "<group>"; };
		CF9B65201E45AC87005E16A2 /* PaxUnitiaTests.xctest */ = {isa = PBXFileReference; explicitFileType = wrapper.cfbundle; includeInIndex = 0; path = PaxUnitiaTests.xctest; sourceTree = BUILT_PRODUCTS_DIR; };
		CF9B65241E45AC87005E16A2 /* PaxUnitiaTests.m */ = {isa = PBXFileReference; lastKnownFileType = sourcecode.c.objc; path = PaxUnitiaTests.m; sourceTree = "<group>"; };
		CF9B65261E45AC87005E16A2 /* Info.plist */ = {isa = PBXFileReference; lastKnownFileType = text.plist.xml; path = Info.plist; sourceTree = "<group>"; };
		CF9B652B1E45AC87005E16A2 /* PaxUnitiaUITests.xctest */ = {isa = PBXFileReference; explicitFileType = wrapper.cfbundle; includeInIndex = 0; path = PaxUnitiaUITests.xctest; sourceTree = BUILT_PRODUCTS_DIR; };
		CF9B652F1E45AC87005E16A2 /* PaxUnitiaUITests.m */ = {isa = PBXFileReference; lastKnownFileType = sourcecode.c.objc; path = PaxUnitiaUITests.m; sourceTree = "<group>"; };
		CF9B65311E45AC87005E16A2 /* Info.plist */ = {isa = PBXFileReference; lastKnownFileType = text.plist.xml; path = Info.plist; sourceTree = "<group>"; };
/* End PBXFileReference section */

/* Begin PBXFrameworksBuildPhase section */
		CF9B65041E45AC87005E16A2 /* Frameworks */ = {
			isa = PBXFrameworksBuildPhase;
			buildActionMask = 2147483647;
			files = (
			);
			runOnlyForDeploymentPostprocessing = 0;
		};
		CF9B651D1E45AC87005E16A2 /* Frameworks */ = {
			isa = PBXFrameworksBuildPhase;
			buildActionMask = 2147483647;
			files = (
			);
			runOnlyForDeploymentPostprocessing = 0;
		};
		CF9B65281E45AC87005E16A2 /* Frameworks */ = {
			isa = PBXFrameworksBuildPhase;
			buildActionMask = 2147483647;
			files = (
			);
			runOnlyForDeploymentPostprocessing = 0;
		};
/* End PBXFrameworksBuildPhase section */

/* Begin PBXGroup section */
		CF9B64FE1E45AC87005E16A2 = {
			isa = PBXGroup;
			children = (
				CF9B65091E45AC87005E16A2 /* PaxUnitia */,
				CF9B65231E45AC87005E16A2 /* PaxUnitiaTests */,
				CF9B652E1E45AC87005E16A2 /* PaxUnitiaUITests */,
				CF9B65081E45AC87005E16A2 /* Products */,
			);
			sourceTree = "<group>";
		};
		CF9B65081E45AC87005E16A2 /* Products */ = {
			isa = PBXGroup;
			children = (
				CF9B65071E45AC87005E16A2 /* PaxUnitia.app */,
				CF9B65201E45AC87005E16A2 /* PaxUnitiaTests.xctest */,
				CF9B652B1E45AC87005E16A2 /* PaxUnitiaUITests.xctest */,
			);
			name = Products;
			sourceTree = "<group>";
		};
		CF9B65091E45AC87005E16A2 /* PaxUnitia */ = {
			isa = PBXGroup;
			children = (
				CF9B650D1E45AC87005E16A2 /* AppDelegate.h */,
				CF9B650E1E45AC87005E16A2 /* AppDelegate.m */,
				CF9B65101E45AC87005E16A2 /* ViewController.h */,
				CF9B65111E45AC87005E16A2 /* ViewController.m */,
				CF9B65131E45AC87005E16A2 /* Main.storyboard */,
				CF9B65161E45AC87005E16A2 /* Assets.xcassets */,
				CF9B65181E45AC87005E16A2 /* LaunchScreen.storyboard */,
				CF9B651B1E45AC87005E16A2 /* Info.plist */,
				CF9B650A1E45AC87005E16A2 /* Supporting Files */,
			);
			path = PaxUnitia;
			sourceTree = "<group>";
		};
		CF9B650A1E45AC87005E16A2 /* Supporting Files */ = {
			isa = PBXGroup;
			children = (
				CF9B650B1E45AC87005E16A2 /* main.m */,
			);
			name = "Supporting Files";
			sourceTree = "<group>";
		};
		CF9B65231E45AC87005E16A2 /* PaxUnitiaTests */ = {
			isa = PBXGroup;
			children = (
				CF9B65241E45AC87005E16A2 /* PaxUnitiaTests.m */,
				CF9B65261E45AC87005E16A2 /* Info.plist */,
			);
			path = PaxUnitiaTests;
			sourceTree = "<group>";
		};
		CF9B652E1E45AC87005E16A2 /* PaxUnitiaUITests */ = {
			isa = PBXGroup;
			children = (
				CF9B652F1E45AC87005E16A2 /* PaxUnitiaUITests.m */,
				CF9B65311E45AC87005E16A2 /* Info.plist */,
			);
			path = PaxUnitiaUITests;
			sourceTree = "<group>";
		};
/* End PBXGroup section */

/* Begin PBXNativeTarget section */
		CF9B65061E45AC87005E16A2 /* PaxUnitia */ = {
			isa = PBXNativeTarget;
			buildConfigurationList = CF9B65341E45AC87005E16A2 /* Build configuration list for PBXNativeTarget "PaxUnitia" */;
			buildPhases = (
				CF9B65031E45AC87005E16A2 /* Sources */,
				CF9B65041E45AC87005E16A2 /* Frameworks */,
				CF9B65051E45AC87005E16A2 /* Resources */,
			);
			buildRules = (
			);
			dependencies = (
			);
			name = PaxUnitia;
			productName = PaxUnitia;
			productReference = CF9B65071E45AC87005E16A2 /* PaxUnitia.app */;
			productType = "com.apple.product-type.application";
		};
		CF9B651F1E45AC87005E16A2 /* PaxUnitiaTests */ = {
			isa = PBXNativeTarget;
			buildConfigurationList = CF9B65371E45AC87005E16A2 /* Build configuration list for PBXNativeTarget "PaxUnitiaTests" */;
			buildPhases = (
				CF9B651C1E45AC87005E16A2 /* Sources */,
				CF9B651D1E45AC87005E16A2 /* Frameworks */,
				CF9B651E1E45AC87005E16A2 /* Resources */,
			);
			buildRules = (
			);
			dependencies = (
				CF9B65221E45AC87005E16A2 /* PBXTargetDependency */,
			);
			name = PaxUnitiaTests;
			productName = PaxUnitiaTests;
			productReference = CF9B65201E45AC87005E16A2 /* PaxUnitiaTests.xctest */;
			productType = "com.apple.product-type.bundle.unit-test";
		};
		CF9B652A1E45AC87005E16A2 /* PaxUnitiaUITests */ = {
			isa = PBXNativeTarget;
			buildConfigurationList = CF9B653A1E45AC87005E16A2 /* Build configuration list for PBXNativeTarget "PaxUnitiaUITests" */;
			buildPhases = (
				CF9B65271E45AC87005E16A2 /* Sources */,
				CF9B65281E45AC87005E16A2 /* Frameworks */,
				CF9B65291E45AC87005E16A2 /* Resources */,
			);
			buildRules = (
			);
			dependencies = (
				CF9B652D1E45AC87005E16A2 /* PBXTargetDependency */,
			);
			name = PaxUnitiaUITests;
			productName = PaxUnitiaUITests;
			productReference = CF9B652B1E45AC87005E16A2 /* PaxUnitiaUITests.xctest */;
			productType = "com.apple.product-type.bundle.ui-testing";
		};
/* End PBXNativeTarget section */

/* Begin PBXProject section */
		CF9B64FF1E45AC87005E16A2 /* Project object */ = {
			isa = PBXProject;
			attributes = {
				LastUpgradeCheck = 0820;
				ORGANIZATIONNAME = "youngwhan kim";
				TargetAttributes = {
					CF9B65061E45AC87005E16A2 = {
						CreatedOnToolsVersion = 8.2.1;
						ProvisioningStyle = Automatic;
					};
					CF9B651F1E45AC87005E16A2 = {
						CreatedOnToolsVersion = 8.2.1;
						ProvisioningStyle = Automatic;
						TestTargetID = CF9B65061E45AC87005E16A2;
					};
					CF9B652A1E45AC87005E16A2 = {
						CreatedOnToolsVersion = 8.2.1;
						ProvisioningStyle = Automatic;
						TestTargetID = CF9B65061E45AC87005E16A2;
					};
				};
			};
			buildConfigurationList = CF9B65021E45AC87005E16A2 /* Build configuration list for PBXProject "PaxUnitia" */;
			compatibilityVersion = "Xcode 3.2";
			developmentRegion = English;
			hasScannedForEncodings = 0;
			knownRegions = (
				en,
				Base,
			);
			mainGroup = CF9B64FE1E45AC87005E16A2;
			productRefGroup = CF9B65081E45AC87005E16A2 /* Products */;
			projectDirPath = "";
			projectRoot = "";
			targets = (
				CF9B65061E45AC87005E16A2 /* PaxUnitia */,
				CF9B651F1E45AC87005E16A2 /* PaxUnitiaTests */,
				CF9B652A1E45AC87005E16A2 /* PaxUnitiaUITests */,
			);
		};
/* End PBXProject section */

/* Begin PBXResourcesBuildPhase section */
		CF9B65051E45AC87005E16A2 /* Resources */ = {
			isa = PBXResourcesBuildPhase;
			buildActionMask = 2147483647;
			files = (
				CF9B651A1E45AC87005E16A2 /* LaunchScreen.storyboard in Resources */,
				CF9B65171E45AC87005E16A2 /* Assets.xcassets in Resources */,
				CF9B65151E45AC87005E16A2 /* Main.storyboard in Resources */,
			);
			runOnlyForDeploymentPostprocessing = 0;
		};
		CF9B651E1E45AC87005E16A2 /* Resources */ = {
			isa = PBXResourcesBuildPhase;
			buildActionMask = 2147483647;
			files = (
			);
			runOnlyForDeploymentPostprocessing = 0;
		};
		CF9B65291E45AC87005E16A2 /* Resources */ = {
			isa = PBXResourcesBuildPhase;
			buildActionMask = 2147483647;
			files = (
			);
			runOnlyForDeploymentPostprocessing = 0;
		};
/* End PBXResourcesBuildPhase section */

/* Begin PBXSourcesBuildPhase section */
		CF9B65031E45AC87005E16A2 /* Sources */ = {
			isa = PBXSourcesBuildPhase;
			buildActionMask = 2147483647;
			files = (
				CF9B65121E45AC87005E16A2 /* ViewController.m in Sources */,
				CF9B650F1E45AC87005E16A2 /* AppDelegate.m in Sources */,
				CF9B650C1E45AC87005E16A2 /* main.m in Sources */,
			);
			runOnlyForDeploymentPostprocessing = 0;
		};
		CF9B651C1E45AC87005E16A2 /* Sources */ = {
			isa = PBXSourcesBuildPhase;
			buildActionMask = 2147483647;
			files = (
				CF9B65251E45AC87005E16A2 /* PaxUnitiaTests.m in Sources */,
			);
			runOnlyForDeploymentPostprocessing = 0;
		};
		CF9B65271E45AC87005E16A2 /* Sources */ = {
			isa = PBXSourcesBuildPhase;
			buildActionMask = 2147483647;
			files = (
				CF9B65301E45AC87005E16A2 /* PaxUnitiaUITests.m in Sources */,
			);
			runOnlyForDeploymentPostprocessing = 0;
		};
/* End PBXSourcesBuildPhase section */

/* Begin PBXTargetDependency section */
		CF9B65221E45AC87005E16A2 /* PBXTargetDependency */ = {
			isa = PBXTargetDependency;
			target = CF9B65061E45AC87005E16A2 /* PaxUnitia */;
			targetProxy = CF9B65211E45AC87005E16A2 /* PBXContainerItemProxy */;
		};
		CF9B652D1E45AC87005E16A2 /* PBXTargetDependency */ = {
			isa = PBXTargetDependency;
			target = CF9B65061E45AC87005E16A2 /* PaxUnitia */;
			targetProxy = CF9B652C1E45AC87005E16A2 /* PBXContainerItemProxy */;
		};
/* End PBXTargetDependency section */

/* Begin PBXVariantGroup section */
		CF9B65131E45AC87005E16A2 /* Main.storyboard */ = {
			isa = PBXVariantGroup;
			children = (
				CF9B65141E45AC87005E16A2 /* Base */,
			);
			name = Main.storyboard;
			sourceTree = "<group>";
		};
		CF9B65181E45AC87005E16A2 /* LaunchScreen.storyboard */ = {
			isa = PBXVariantGroup;
			children = (
				CF9B65191E45AC87005E16A2 /* Base */,
			);
			name = LaunchScreen.storyboard;
			sourceTree = "<group>";
		};
/* End PBXVariantGroup section */

/* Begin XCBuildConfiguration section */
		CF9B65321E45AC87005E16A2 /* Debug */ = {
			isa = XCBuildConfiguration;
			buildSettings = {
				ALWAYS_SEARCH_USER_PATHS = NO;
				CLANG_ANALYZER_NONNULL = YES;
				CLANG_CXX_LANGUAGE_STANDARD = "gnu++0x";
				CLANG_CXX_LIBRARY = "libc++";
				CLANG_ENABLE_MODULES = YES;
				CLANG_ENABLE_OBJC_ARC = YES;
				CLANG_WARN_BOOL_CONVERSION = YES;
				CLANG_WARN_CONSTANT_CONVERSION = YES;
				CLANG_WARN_DIRECT_OBJC_ISA_USAGE = YES_ERROR;
				CLANG_WARN_DOCUMENTATION_COMMENTS = YES;
				CLANG_WARN_EMPTY_BODY = YES;
				CLANG_WARN_ENUM_CONVERSION = YES;
				CLANG_WARN_INFINITE_RECURSION = YES;
				CLANG_WARN_INT_CONVERSION = YES;
				CLANG_WARN_OBJC_ROOT_CLASS = YES_ERROR;
				CLANG_WARN_SUSPICIOUS_MOVE = YES;
				CLANG_WARN_UNREACHABLE_CODE = YES;
				CLANG_WARN__DUPLICATE_METHOD_MATCH = YES;
				"CODE_SIGN_IDENTITY[sdk=iphoneos*]" = "iPhone Developer";
				COPY_PHASE_STRIP = NO;
				DEBUG_INFORMATION_FORMAT = dwarf;
				ENABLE_STRICT_OBJC_MSGSEND = YES;
				ENABLE_TESTABILITY = YES;
				GCC_C_LANGUAGE_STANDARD = gnu99;
				GCC_DYNAMIC_NO_PIC = NO;
				GCC_NO_COMMON_BLOCKS = YES;
				GCC_OPTIMIZATION_LEVEL = 0;
				GCC_PREPROCESSOR_DEFINITIONS = (
					"DEBUG=1",
					"$(inherited)",
				);
				GCC_WARN_64_TO_32_BIT_CONVERSION = YES;
				GCC_WARN_ABOUT_RETURN_TYPE = YES_ERROR;
				GCC_WARN_UNDECLARED_SELECTOR = YES;
				GCC_WARN_UNINITIALIZED_AUTOS = YES_AGGRESSIVE;
				GCC_WARN_UNUSED_FUNCTION = YES;
				GCC_WARN_UNUSED_VARIABLE = YES;
				IPHONEOS_DEPLOYMENT_TARGET = 10.2;
				MTL_ENABLE_DEBUG_INFO = YES;
				ONLY_ACTIVE_ARCH = YES;
				SDKROOT = iphoneos;
				TARGETED_DEVICE_FAMILY = "1,2";
			};
			name = Debug;
		};
		CF9B65331E45AC87005E16A2 /* Release */ = {
			isa = XCBuildConfiguration;
			buildSettings = {
				ALWAYS_SEARCH_USER_PATHS = NO;
				CLANG_ANALYZER_NONNULL = YES;
				CLANG_CXX_LANGUAGE_STANDARD = "gnu++0x";
				CLANG_CXX_LIBRARY = "libc++";
				CLANG_ENABLE_MODULES = YES;
				CLANG_ENABLE_OBJC_ARC = YES;
				CLANG_WARN_BOOL_CONVERSION = YES;
				CLANG_WARN_CONSTANT_CONVERSION = YES;
				CLANG_WARN_DIRECT_OBJC_ISA_USAGE = YES_ERROR;
				CLANG_WARN_DOCUMENTATION_COMMENTS = YES;
				CLANG_WARN_EMPTY_BODY = YES;
				CLANG_WARN_ENUM_CONVERSION = YES;
				CLANG_WARN_INFINITE_RECURSION = YES;
				CLANG_WARN_INT_CONVERSION = YES;
				CLANG_WARN_OBJC_ROOT_CLASS = YES_ERROR;
				CLANG_WARN_SUSPICIOUS_MOVE = YES;
				CLANG_WARN_UNREACHABLE_CODE = YES;
				CLANG_WARN__DUPLICATE_METHOD_MATCH = YES;
				"CODE_SIGN_IDENTITY[sdk=iphoneos*]" = "iPhone Developer";
				COPY_PHASE_STRIP = NO;
				DEBUG_INFORMATION_FORMAT = "dwarf-with-dsym";
				ENABLE_NS_ASSERTIONS = NO;
				ENABLE_STRICT_OBJC_MSGSEND = YES;
				GCC_C_LANGUAGE_STANDARD = gnu99;
				GCC_NO_COMMON_BLOCKS = YES;
				GCC_WARN_64_TO_32_BIT_CONVERSION = YES;
				GCC_WARN_ABOUT_RETURN_TYPE = YES_ERROR;
				GCC_WARN_UNDECLARED_SELECTOR = YES;
				GCC_WARN_UNINITIALIZED_AUTOS = YES_AGGRESSIVE;
				GCC_WARN_UNUSED_FUNCTION = YES;
				GCC_WARN_UNUSED_VARIABLE = YES;
				IPHONEOS_DEPLOYMENT_TARGET = 10.2;
				MTL_ENABLE_DEBUG_INFO = NO;
				SDKROOT = iphoneos;
				TARGETED_DEVICE_FAMILY = "1,2";
				VALIDATE_PRODUCT = YES;
			};
			name = Release;
		};
		CF9B65351E45AC87005E16A2 /* Debug */ = {
			isa = XCBuildConfiguration;
			buildSettings = {
				ASSETCATALOG_COMPILER_APPICON_NAME = AppIcon;
				INFOPLIST_FILE = PaxUnitia/Info.plist;
				LD_RUNPATH_SEARCH_PATHS = "$(inherited) @executable_path/Frameworks";
				PRODUCT_BUNDLE_IDENTIFIER = me.clevekim.PaxUnitia;
				PRODUCT_NAME = "$(TARGET_NAME)";
			};
			name = Debug;
		};
		CF9B65361E45AC87005E16A2 /* Release */ = {
			isa = XCBuildConfiguration;
			buildSettings = {
				ASSETCATALOG_COMPILER_APPICON_NAME = AppIcon;
				INFOPLIST_FILE = PaxUnitia/Info.plist;
				LD_RUNPATH_SEARCH_PATHS = "$(inherited) @executable_path/Frameworks";
				PRODUCT_BUNDLE_IDENTIFIER = me.clevekim.PaxUnitia;
				PRODUCT_NAME = "$(TARGET_NAME)";
			};
			name = Release;
		};
		CF9B65381E45AC87005E16A2 /* Debug */ = {
			isa = XCBuildConfiguration;
			buildSettings = {
				BUNDLE_LOADER = "$(TEST_HOST)";
				INFOPLIST_FILE = PaxUnitiaTests/Info.plist;
				LD_RUNPATH_SEARCH_PATHS = "$(inherited) @executable_path/Frameworks @loader_path/Frameworks";
				PRODUCT_BUNDLE_IDENTIFIER = me.clevekim.PaxUnitiaTests;
				PRODUCT_NAME = "$(TARGET_NAME)";
				TEST_HOST = "$(BUILT_PRODUCTS_DIR)/PaxUnitia.app/PaxUnitia";
			};
			name = Debug;
		};
		CF9B65391E45AC87005E16A2 /* Release */ = {
			isa = XCBuildConfiguration;
			buildSettings = {
				BUNDLE_LOADER = "$(TEST_HOST)";
				INFOPLIST_FILE = PaxUnitiaTests/Info.plist;
				LD_RUNPATH_SEARCH_PATHS = "$(inherited) @executable_path/Frameworks @loader_path/Frameworks";
				PRODUCT_BUNDLE_IDENTIFIER = me.clevekim.PaxUnitiaTests;
				PRODUCT_NAME = "$(TARGET_NAME)";
				TEST_HOST = "$(BUILT_PRODUCTS_DIR)/PaxUnitia.app/PaxUnitia";
			};
			name = Release;
		};
		CF9B653B1E45AC87005E16A2 /* Debug */ = {
			isa = XCBuildConfiguration;
			buildSettings = {
				INFOPLIST_FILE = PaxUnitiaUITests/Info.plist;
				LD_RUNPATH_SEARCH_PATHS = "$(inherited) @executable_path/Frameworks @loader_path/Frameworks";
				PRODUCT_BUNDLE_IDENTIFIER = me.clevekim.PaxUnitiaUITests;
				PRODUCT_NAME = "$(TARGET_NAME)";
				TEST_TARGET_NAME = PaxUnitia;
			};
			name = Debug;
		};
		CF9B653C1E45AC87005E16A2 /* Release */ = {
			isa = XCBuildConfiguration;
			buildSettings = {
				INFOPLIST_FILE = PaxUnitiaUITests/Info.plist;
				LD_RUNPATH_SEARCH_PATHS = "$(inherited) @executable_path/Frameworks @loader_path/Frameworks";
				PRODUCT_BUNDLE_IDENTIFIER = me.clevekim.PaxUnitiaUITests;
				PRODUCT_NAME = "$(TARGET_NAME)";
				TEST_TARGET_NAME = PaxUnitia;
			};
			name = Release;
		};
/* End XCBuildConfiguration section */

/* Begin XCConfigurationList section */
		CF9B65021E45AC87005E16A2 /* Build configuration list for PBXProject "PaxUnitia" */ = {
			isa = XCConfigurationList;
			buildConfigurations = (
				CF9B65321E45AC87005E16A2 /* Debug */,
				CF9B65331E45AC87005E16A2 /* Release */,
			);
			defaultConfigurationIsVisible = 0;
			defaultConfigurationName = Release;
		};
		CF9B65341E45AC87005E16A2 /* Build configuration list for PBXNativeTarget "PaxUnitia" */ = {
			isa = XCConfigurationList;
			buildConfigurations = (
				CF9B65351E45AC87005E16A2 /* Debug */,
				CF9B65361E45AC87005E16A2 /* Release */,
			);
			defaultConfigurationIsVisible = 0;
		};
		CF9B65371E45AC87005E16A2 /* Build configuration list for PBXNativeTarget "PaxUnitiaTests" */ = {
			isa = XCConfigurationList;
			buildConfigurations = (
				CF9B65381E45AC87005E16A2 /* Debug */,
				CF9B65391E45AC87005E16A2 /* Release */,
			);
			defaultConfigurationIsVisible = 0;
		};
		CF9B653A1E45AC87005E16A2 /* Build configuration list for PBXNativeTarget "PaxUnitiaUITests" */ = {
			isa = XCConfigurationList;
			buildConfigurations = (
				CF9B653B1E45AC87005E16A2 /* Debug */,
				CF9B653C1E45AC87005E16A2 /* Release */,
			);
			defaultConfigurationIsVisible = 0;
		};
/* End XCConfigurationList section */
	};
	rootObject = CF9B64FF1E45AC87005E16A2 /* Project object */;
}
